
Microsoft Visual Studio Solution File, Format Version 12.00
# Visual Studio Version 17
VisualStudioVersion = 17.5.002.0
MinimumVisualStudioVersion = 10.0.40219.1
Project("{9A19103F-16F7-4668-BE54-9A1E7A4F7556}") = "S_1", "S_1.csproj", "{EA48AFDE-C7E5-4FBC-8CD1-ECE625A577CC}"
EndProject
Global
	GlobalSection(SolutionConfigurationPlatforms) = preSolution
		Debug|Any CPU = Debug|Any CPU
		Release|Any CPU = Release|Any CPU
	EndGlobalSection
	GlobalSection(ProjectConfigurationPlatforms) = postSolution
		{EA48AFDE-C7E5-4FBC-8CD1-ECE625A577CC}.Debug|Any CPU.ActiveCfg = Debug|Any CPU
		{EA48AFDE-C7E5-4FBC-8CD1-ECE625A577CC}.Debug|Any CPU.Build.0 = Debug|Any CPU
		{EA48AFDE-C7E5-4FBC-8CD1-ECE625A577CC}.Release|Any CPU.ActiveCfg = Release|Any CPU
		{EA48AFDE-C7E5-4FBC-8CD1-ECE625A577CC}.Release|Any CPU.Build.0 = Release|Any CPU
	EndGlobalSection
	GlobalSection(SolutionProperties) = preSolution
		HideSolutionNode = FALSE
	EndGlobalSection
	GlobalSection(ExtensibilityGlobals) = postSolution
		SolutionGuid = {D13B3064-C638-48A2-8D8F-AF585E3FE1D3}
	EndGlobalSection
EndGlobal
